
Microsoft Visual Studio Solution File, Format Version 12.00
# Visual Studio Version 16
VisualStudioVersion = 16.0.29806.167
MinimumVisualStudioVersion = 10.0.40219.1
Project("{9A19103F-16F7-4668-BE54-9A1E7A4F7556}") = "MOTReminder", "MOTReminder\MOTReminder.csproj", "{C9D63526-C522-4BF0-8F02-E105331F5E9D}"
EndProject
Project("{9A19103F-16F7-4668-BE54-9A1E7A4F7556}") = "MOTReminder.Utils", "MOTReminder.Utils\MOTReminder.Utils.csproj", "{4672BF5E-44BF-4094-93BC-7756E0ED8E8A}"
EndProject
Project("{9A19103F-16F7-4668-BE54-9A1E7A4F7556}") = "MOTReminder.Business", "MOTReminder.Business\MOTReminder.Business.csproj", "{FA4B92F0-C80A-4CF9-80F9-3133106560A3}"
EndProject
Project("{FAE04EC0-301F-11D3-BF4B-00C04F79EFBC}") = "MOTReminder.Data", "MOTReminder.Data\MOTReminder.Data.csproj", "{2FAA77A2-409A-4042-944A-B3742CDFD48F}"
EndProject
Project("{FAE04EC0-301F-11D3-BF4B-00C04F79EFBC}") = "MOTReminder.Business.UnitTest", "MOTReminder.Business.UnitTest\MOTReminder.Business.UnitTest.csproj", "{DEE272CF-429F-476B-9454-5768156E5007}"
EndProject
Global
	GlobalSection(SolutionConfigurationPlatforms) = preSolution
		Debug|Any CPU = Debug|Any CPU
		Release|Any CPU = Release|Any CPU
	EndGlobalSection
	GlobalSection(ProjectConfigurationPlatforms) = postSolution
		{C9D63526-C522-4BF0-8F02-E105331F5E9D}.Debug|Any CPU.ActiveCfg = Debug|Any CPU
		{C9D63526-C522-4BF0-8F02-E105331F5E9D}.Debug|Any CPU.Build.0 = Debug|Any CPU
		{C9D63526-C522-4BF0-8F02-E105331F5E9D}.Release|Any CPU.ActiveCfg = Release|Any CPU
		{C9D63526-C522-4BF0-8F02-E105331F5E9D}.Release|Any CPU.Build.0 = Release|Any CPU
		{4672BF5E-44BF-4094-93BC-7756E0ED8E8A}.Debug|Any CPU.ActiveCfg = Debug|Any CPU
		{4672BF5E-44BF-4094-93BC-7756E0ED8E8A}.Debug|Any CPU.Build.0 = Debug|Any CPU
		{4672BF5E-44BF-4094-93BC-7756E0ED8E8A}.Release|Any CPU.ActiveCfg = Release|Any CPU
		{4672BF5E-44BF-4094-93BC-7756E0ED8E8A}.Release|Any CPU.Build.0 = Release|Any CPU
		{FA4B92F0-C80A-4CF9-80F9-3133106560A3}.Debug|Any CPU.ActiveCfg = Debug|Any CPU
		{FA4B92F0-C80A-4CF9-80F9-3133106560A3}.Debug|Any CPU.Build.0 = Debug|Any CPU
		{FA4B92F0-C80A-4CF9-80F9-3133106560A3}.Release|Any CPU.ActiveCfg = Release|Any CPU
		{FA4B92F0-C80A-4CF9-80F9-3133106560A3}.Release|Any CPU.Build.0 = Release|Any CPU
		{2FAA77A2-409A-4042-944A-B3742CDFD48F}.Debug|Any CPU.ActiveCfg = Debug|Any CPU
		{2FAA77A2-409A-4042-944A-B3742CDFD48F}.Debug|Any CPU.Build.0 = Debug|Any CPU
		{2FAA77A2-409A-4042-944A-B3742CDFD48F}.Release|Any CPU.ActiveCfg = Release|Any CPU
		{2FAA77A2-409A-4042-944A-B3742CDFD48F}.Release|Any CPU.Build.0 = Release|Any CPU
		{DEE272CF-429F-476B-9454-5768156E5007}.Debug|Any CPU.ActiveCfg = Debug|Any CPU
		{DEE272CF-429F-476B-9454-5768156E5007}.Debug|Any CPU.Build.0 = Debug|Any CPU
		{DEE272CF-429F-476B-9454-5768156E5007}.Release|Any CPU.ActiveCfg = Release|Any CPU
		{DEE272CF-429F-476B-9454-5768156E5007}.Release|Any CPU.Build.0 = Release|Any CPU
	EndGlobalSection
	GlobalSection(SolutionProperties) = preSolution
		HideSolutionNode = FALSE
	EndGlobalSection
	GlobalSection(ExtensibilityGlobals) = postSolution
		SolutionGuid = {C75924E1-4F72-47A4-8398-C118CA981978}
	EndGlobalSection
EndGlobal
